
Microsoft Visual Studio Solution File, Format Version 12.00
# Visual Studio Version 17
VisualStudioVersion = 17.3.32922.545
MinimumVisualStudioVersion = 10.0.40219.1
Project("{9A19103F-16F7-4668-BE54-9A1E7A4F7556}") = "ShareKernel", "Reserva\ShareKernel.csproj", "{F1D92139-AAB7-46CB-A2F2-99A58E1AC1DB}"
EndProject
Project("{9A19103F-16F7-4668-BE54-9A1E7A4F7556}") = "Reserva.Domain", "Reserva.Domain\Reserva.Domain.csproj", "{4198249A-5CE2-4326-B138-92A3DFB37FD4}"
EndProject
Project("{9A19103F-16F7-4668-BE54-9A1E7A4F7556}") = "Reserva.Aplication", "Pedidos.Aplication\Reserva.Aplication.csproj", "{DF5EF910-4280-49D6-8462-6EF18783E880}"
EndProject
Project("{9A19103F-16F7-4668-BE54-9A1E7A4F7556}") = "Reserva.Infraestructure", "Reserva.Infraestructure\Reserva.Infraestructure.csproj", "{028F99BC-8826-437F-A08A-343AE8ADBFE1}"
EndProject
Project("{FAE04EC0-301F-11D3-BF4B-00C04F79EFBC}") = "WebApp.Reserva", "WebApp.Reserva\WebApp.Reserva.csproj", "{B3D41EAF-5F4B-478D-8E8D-5EE36B5C7F9A}"
EndProject
Global
	GlobalSection(SolutionConfigurationPlatforms) = preSolution
		Debug|Any CPU = Debug|Any CPU
		Release|Any CPU = Release|Any CPU
	EndGlobalSection
	GlobalSection(ProjectConfigurationPlatforms) = postSolution
		{F1D92139-AAB7-46CB-A2F2-99A58E1AC1DB}.Debug|Any CPU.ActiveCfg = Debug|Any CPU
		{F1D92139-AAB7-46CB-A2F2-99A58E1AC1DB}.Debug|Any CPU.Build.0 = Debug|Any CPU
		{F1D92139-AAB7-46CB-A2F2-99A58E1AC1DB}.Release|Any CPU.ActiveCfg = Release|Any CPU
		{F1D92139-AAB7-46CB-A2F2-99A58E1AC1DB}.Release|Any CPU.Build.0 = Release|Any CPU
		{4198249A-5CE2-4326-B138-92A3DFB37FD4}.Debug|Any CPU.ActiveCfg = Debug|Any CPU
		{4198249A-5CE2-4326-B138-92A3DFB37FD4}.Debug|Any CPU.Build.0 = Debug|Any CPU
		{4198249A-5CE2-4326-B138-92A3DFB37FD4}.Release|Any CPU.ActiveCfg = Release|Any CPU
		{4198249A-5CE2-4326-B138-92A3DFB37FD4}.Release|Any CPU.Build.0 = Release|Any CPU
		{DF5EF910-4280-49D6-8462-6EF18783E880}.Debug|Any CPU.ActiveCfg = Debug|Any CPU
		{DF5EF910-4280-49D6-8462-6EF18783E880}.Debug|Any CPU.Build.0 = Debug|Any CPU
		{DF5EF910-4280-49D6-8462-6EF18783E880}.Release|Any CPU.ActiveCfg = Release|Any CPU
		{DF5EF910-4280-49D6-8462-6EF18783E880}.Release|Any CPU.Build.0 = Release|Any CPU
		{028F99BC-8826-437F-A08A-343AE8ADBFE1}.Debug|Any CPU.ActiveCfg = Debug|Any CPU
		{028F99BC-8826-437F-A08A-343AE8ADBFE1}.Debug|Any CPU.Build.0 = Debug|Any CPU
		{028F99BC-8826-437F-A08A-343AE8ADBFE1}.Release|Any CPU.ActiveCfg = Release|Any CPU
		{028F99BC-8826-437F-A08A-343AE8ADBFE1}.Release|Any CPU.Build.0 = Release|Any CPU
		{B3D41EAF-5F4B-478D-8E8D-5EE36B5C7F9A}.Debug|Any CPU.ActiveCfg = Debug|Any CPU
		{B3D41EAF-5F4B-478D-8E8D-5EE36B5C7F9A}.Debug|Any CPU.Build.0 = Debug|Any CPU
		{B3D41EAF-5F4B-478D-8E8D-5EE36B5C7F9A}.Release|Any CPU.ActiveCfg = Release|Any CPU
		{B3D41EAF-5F4B-478D-8E8D-5EE36B5C7F9A}.Release|Any CPU.Build.0 = Release|Any CPU
	EndGlobalSection
	GlobalSection(SolutionProperties) = preSolution
		HideSolutionNode = FALSE
	EndGlobalSection
	GlobalSection(ExtensibilityGlobals) = postSolution
		SolutionGuid = {4484F504-8384-4BC0-ABF9-2D74C0629987}
	EndGlobalSection
EndGlobal
