
Microsoft Visual Studio Solution File, Format Version 12.00
# Visual Studio Version 17
VisualStudioVersion = 17.3.32929.385
MinimumVisualStudioVersion = 10.0.40219.1
Project("{9A19103F-16F7-4668-BE54-9A1E7A4F7556}") = "CheckOut.Domain", "CheckOut.Domain\CheckOut.Domain.csproj", "{B1A287FB-30D2-4D05-AA53-BE3C13C827D6}"
EndProject
Project("{9A19103F-16F7-4668-BE54-9A1E7A4F7556}") = "CheckOut.Infraestructure", "CheckOut.Infraestructure\CheckOut.Infraestructure.csproj", "{55C982E8-F862-4B7F-BC1D-D8D728E2B9C7}"
	ProjectSection(ProjectDependencies) = postProject
		{FC943D0F-4453-4328-897D-BA7E6CD1BF12} = {FC943D0F-4453-4328-897D-BA7E6CD1BF12}
	EndProjectSection
EndProject
Project("{9A19103F-16F7-4668-BE54-9A1E7A4F7556}") = "CheckOut.Aplication", "CheckOut.Aplication\CheckOut.Aplication.csproj", "{FC943D0F-4453-4328-897D-BA7E6CD1BF12}"
EndProject
Project("{9A19103F-16F7-4668-BE54-9A1E7A4F7556}") = "ShareKernel", "ShareKernel\ShareKernel.csproj", "{8E9C2F7F-0C86-4CF8-ADAA-CA1ECD10C1A3}"
EndProject
Project("{FAE04EC0-301F-11D3-BF4B-00C04F79EFBC}") = "WebApp.CheckOut", "WebApp.CheckOut\WebApp.CheckOut.csproj", "{BBC9D76A-B6BA-47A1-9598-EB48FA73E18F}"
EndProject
Global
	GlobalSection(SolutionConfigurationPlatforms) = preSolution
		Debug|Any CPU = Debug|Any CPU
		Release|Any CPU = Release|Any CPU
	EndGlobalSection
	GlobalSection(ProjectConfigurationPlatforms) = postSolution
		{B1A287FB-30D2-4D05-AA53-BE3C13C827D6}.Debug|Any CPU.ActiveCfg = Debug|Any CPU
		{B1A287FB-30D2-4D05-AA53-BE3C13C827D6}.Debug|Any CPU.Build.0 = Debug|Any CPU
		{B1A287FB-30D2-4D05-AA53-BE3C13C827D6}.Release|Any CPU.ActiveCfg = Release|Any CPU
		{B1A287FB-30D2-4D05-AA53-BE3C13C827D6}.Release|Any CPU.Build.0 = Release|Any CPU
		{55C982E8-F862-4B7F-BC1D-D8D728E2B9C7}.Debug|Any CPU.ActiveCfg = Debug|Any CPU
		{55C982E8-F862-4B7F-BC1D-D8D728E2B9C7}.Debug|Any CPU.Build.0 = Debug|Any CPU
		{55C982E8-F862-4B7F-BC1D-D8D728E2B9C7}.Release|Any CPU.ActiveCfg = Release|Any CPU
		{55C982E8-F862-4B7F-BC1D-D8D728E2B9C7}.Release|Any CPU.Build.0 = Release|Any CPU
		{FC943D0F-4453-4328-897D-BA7E6CD1BF12}.Debug|Any CPU.ActiveCfg = Debug|Any CPU
		{FC943D0F-4453-4328-897D-BA7E6CD1BF12}.Debug|Any CPU.Build.0 = Debug|Any CPU
		{FC943D0F-4453-4328-897D-BA7E6CD1BF12}.Release|Any CPU.ActiveCfg = Release|Any CPU
		{FC943D0F-4453-4328-897D-BA7E6CD1BF12}.Release|Any CPU.Build.0 = Release|Any CPU
		{8E9C2F7F-0C86-4CF8-ADAA-CA1ECD10C1A3}.Debug|Any CPU.ActiveCfg = Debug|Any CPU
		{8E9C2F7F-0C86-4CF8-ADAA-CA1ECD10C1A3}.Debug|Any CPU.Build.0 = Debug|Any CPU
		{8E9C2F7F-0C86-4CF8-ADAA-CA1ECD10C1A3}.Release|Any CPU.ActiveCfg = Release|Any CPU
		{8E9C2F7F-0C86-4CF8-ADAA-CA1ECD10C1A3}.Release|Any CPU.Build.0 = Release|Any CPU
		{BBC9D76A-B6BA-47A1-9598-EB48FA73E18F}.Debug|Any CPU.ActiveCfg = Debug|Any CPU
		{BBC9D76A-B6BA-47A1-9598-EB48FA73E18F}.Debug|Any CPU.Build.0 = Debug|Any CPU
		{BBC9D76A-B6BA-47A1-9598-EB48FA73E18F}.Release|Any CPU.ActiveCfg = Release|Any CPU
		{BBC9D76A-B6BA-47A1-9598-EB48FA73E18F}.Release|Any CPU.Build.0 = Release|Any CPU
	EndGlobalSection
	GlobalSection(SolutionProperties) = preSolution
		HideSolutionNode = FALSE
	EndGlobalSection
	GlobalSection(ExtensibilityGlobals) = postSolution
		SolutionGuid = {A8761DA4-EAEE-4AEA-A18F-D9339EE9BC54}
	EndGlobalSection
EndGlobal
